# THIS IS AN AUTOGENERATED FILE. DO NOT EDIT THIS FILE DIRECTLY.
# yarn lockfile v1


install@^0.13.0:
  version "0.13.0"
  resolved "https://registry.npm.taobao.org/install/download/install-0.13.0.tgz#6af6e9da9dd0987de2ab420f78e60d9c17260776"
  integrity sha1-avbp2p3QmH3iq0IPeOYNnBcmB3Y=

vue@^2.6.11:
  version "2.6.11"
  resolved "https://registry.npm.taobao.org/vue/download/vue-2.6.11.tgz#76594d877d4b12234406e84e35275c6d514125c5"
  integrity sha1-dllNh31LEiNEBuhONSdcbVFBJcU=
